
Microsoft Visual Studio Solution File, Format Version 12.00
# Visual Studio Version 17
VisualStudioVersion = 17.14.36401.2 d17.14
MinimumVisualStudioVersion = 10.0.40219.1
Project("{54A90642-561A-4BB1-A94E-469ADEE60C69}") = "g19-sep490-ealds.client", "g19-sep490-ealds.client\g19-sep490-ealds.client.esproj", "{D35D5E54-E7EF-AF57-81C8-631F3C0E5197}"
EndProject
Project("{FAE04EC0-301F-11D3-BF4B-00C04F79EFBC}") = "g19-sep490-ealds.Server", "g19-sep490-ealds.Server\g19-sep490-ealds.Server.csproj", "{E71289CF-1AC8-4A43-8A86-18C5DAE047AA}"
EndProject
Global
	GlobalSection(SolutionConfigurationPlatforms) = preSolution
		Debug|Any CPU = Debug|Any CPU
		Release|Any CPU = Release|Any CPU
	EndGlobalSection
	GlobalSection(ProjectConfigurationPlatforms) = postSolution
		{D35D5E54-E7EF-AF57-81C8-631F3C0E5197}.Debug|Any CPU.ActiveCfg = Debug|Any CPU
		{D35D5E54-E7EF-AF57-81C8-631F3C0E5197}.Debug|Any CPU.Build.0 = Debug|Any CPU
		{D35D5E54-E7EF-AF57-81C8-631F3C0E5197}.Debug|Any CPU.Deploy.0 = Debug|Any CPU
		{D35D5E54-E7EF-AF57-81C8-631F3C0E5197}.Release|Any CPU.ActiveCfg = Release|Any CPU
		{D35D5E54-E7EF-AF57-81C8-631F3C0E5197}.Release|Any CPU.Build.0 = Release|Any CPU
		{D35D5E54-E7EF-AF57-81C8-631F3C0E5197}.Release|Any CPU.Deploy.0 = Release|Any CPU
		{E71289CF-1AC8-4A43-8A86-18C5DAE047AA}.Debug|Any CPU.ActiveCfg = Debug|Any CPU
		{E71289CF-1AC8-4A43-8A86-18C5DAE047AA}.Debug|Any CPU.Build.0 = Debug|Any CPU
		{E71289CF-1AC8-4A43-8A86-18C5DAE047AA}.Release|Any CPU.ActiveCfg = Release|Any CPU
		{E71289CF-1AC8-4A43-8A86-18C5DAE047AA}.Release|Any CPU.Build.0 = Release|Any CPU
	EndGlobalSection
	GlobalSection(SolutionProperties) = preSolution
		HideSolutionNode = FALSE
	EndGlobalSection
	GlobalSection(ExtensibilityGlobals) = postSolution
		SolutionGuid = {F86497AB-DE5E-431F-9A46-3E30CA4BD15A}
	EndGlobalSection
EndGlobal
